{
  "name": "multi-dance",
  "version": "0.0.0",
  "lockfileVersion": 1,
  "requires": true,
  "dependencies": {
    "@types/node": {
      "version": "6.14.1",
      "resolved": "https://registry.npmjs.org/@types/node/-/node-6.14.1.tgz",
      "integrity": "sha512-lfydm+Ul6buYjF6AmcenFjqVYB+tpNlGlwWLr43J1Cok4ybLQimrM8rdB1MdrjtyWdYRceZNgsAeSRZhFxNajQ==",
      "dev": true
    }
  }
}
